<?xml version="1.0" encoding="utf-8"?>
<Project ToolsVersion="4.0" xmlns="http://schemas.microsoft.com/developer/msbuild/2003">
  <ItemGroup>
    <Filter Include="Quelldateien">
      <UniqueIdentifier>{4FC737F1-C7A5-4376-A066-2A32D752A2FF}</UniqueIdentifier>
      <Extensions>cpp;c;cc;cxx;c++;cppm;ixx;def;odl;idl;hpj;bat;asm;asmx</Extensions>
    </Filter>
    <Filter Include="Headerdateien">
      <UniqueIdentifier>{93995380-89BD-4b04-88EB-625FBE52EBFB}</UniqueIdentifier>
      <Extensions>h;hh;hpp;hxx;h++;hm;inl;inc;ipp;xsd</Extensions>
    </Filter>
    <Filter Include="Ressourcendateien">
      <UniqueIdentifier>{67DA6AB6-F800-4c08-8B7A-83BB121AAD01}</UniqueIdentifier>
      <Extensions>rc;ico;cur;bmp;dlg;rc2;rct;bin;rgs;gif;jpg;jpeg;jpe;resx;tiff;tif;png;wav;mfcribbon-ms</Extensions>
    </Filter>
    <Filter Include="Interfaces">
      <UniqueIdentifier>{cee2e36d-f177-4866-8015-a5b58587c0a9}</UniqueIdentifier>
    </Filter>
    <Filter Include="Views">
      <UniqueIdentifier>{01bbaec4-2c2f-43a9-8dbb-749a9059bf76}</UniqueIdentifier>
    </Filter>
    <Filter Include="Views\Header">
      <UniqueIdentifier>{7fe0da76-556d-4cf4-80f0-4a9e0066d973}</UniqueIdentifier>
    </Filter>
    <Filter Include="Views\Cpp">
      <UniqueIdentifier>{34cd790f-6ef0-4ff4-b5a0-4557964ce067}</UniqueIdentifier>
    </Filter>
    <Filter Include="Ressourcendateien\css">
      <UniqueIdentifier>{8308fd6b-f231-4adc-b1ac-f19582ebba3c}</UniqueIdentifier>
    </Filter>
    <Filter Include="Ressourcendateien\xml">
      <UniqueIdentifier>{d65532f1-6bf8-472f-9988-c6cba5675795}</UniqueIdentifier>
    </Filter>
  </ItemGroup>
  <ItemGroup>
    <ClCompile Include="main.cpp">
      <Filter>Quelldateien</Filter>
    </ClCompile>
    <ClCompile Include="WWebGallery.cpp">
      <Filter>Quelldateien</Filter>
    </ClCompile>
    <ClCompile Include="HomeView.cpp">
      <Filter>Views\Cpp</Filter>
    </ClCompile>
    <ClCompile Include="TestyView.cpp">
      <Filter>Views\Cpp</Filter>
    </ClCompile>
    <ClCompile Include="WebGalleryDispatcher.cpp">
      <Filter>Quelldateien</Filter>
    </ClCompile>
  </ItemGroup>
  <ItemGroup>
    <ClInclude Include="FrontController.h">
      <Filter>Interfaces</Filter>
    </ClInclude>
    <ClInclude Include="InternalTypes.h">
      <Filter>Headerdateien</Filter>
    </ClInclude>
    <ClInclude Include="Dispatcher.h">
      <Filter>Interfaces</Filter>
    </ClInclude>
    <ClInclude Include="View.h">
      <Filter>Interfaces</Filter>
    </ClInclude>
    <ClInclude Include="WWebGallery.h">
      <Filter>Headerdateien</Filter>
    </ClInclude>
    <ClInclude Include="HomeView.h">
      <Filter>Views\Header</Filter>
    </ClInclude>
    <ClInclude Include="TestyView.h">
      <Filter>Views\Header</Filter>
    </ClInclude>
    <ClInclude Include="WebGalleryDispatcher.h">
      <Filter>Headerdateien</Filter>
    </ClInclude>
  </ItemGroup>
  <ItemGroup>
    <CopyFileToFolders Include="main.css">
      <Filter>Ressourcendateien\css</Filter>
    </CopyFileToFolders>
    <CopyFileToFolders Include="main.xml">
      <Filter>Ressourcendateien\xml</Filter>
    </CopyFileToFolders>
  </ItemGroup>
</Project>